
Microsoft Visual Studio Solution File, Format Version 12.00
# Visual Studio Version 17
VisualStudioVersion = 17.1.32328.378
MinimumVisualStudioVersion = 10.0.40219.1
Project("{9A19103F-16F7-4668-BE54-9A1E7A4F7556}") = "TestCoreAPI", "TestCoreAPI\TestCoreAPI.csproj", "{0601344B-D7C7-447C-A91D-BDFDB4A2B2BC}"
EndProject
Project("{FAE04EC0-301F-11D3-BF4B-00C04F79EFBC}") = "TestCoreAPITests", "TestCoreAPITests\TestCoreAPITests.csproj", "{CCA1D60C-9019-4A0D-A0E5-27A8FCCACF92}"
EndProject
Global
	GlobalSection(SolutionConfigurationPlatforms) = preSolution
		Debug|Any CPU = Debug|Any CPU
		Release|Any CPU = Release|Any CPU
	EndGlobalSection
	GlobalSection(ProjectConfigurationPlatforms) = postSolution
		{0601344B-D7C7-447C-A91D-BDFDB4A2B2BC}.Debug|Any CPU.ActiveCfg = Debug|Any CPU
		{0601344B-D7C7-447C-A91D-BDFDB4A2B2BC}.Debug|Any CPU.Build.0 = Debug|Any CPU
		{0601344B-D7C7-447C-A91D-BDFDB4A2B2BC}.Release|Any CPU.ActiveCfg = Release|Any CPU
		{0601344B-D7C7-447C-A91D-BDFDB4A2B2BC}.Release|Any CPU.Build.0 = Release|Any CPU
		{CCA1D60C-9019-4A0D-A0E5-27A8FCCACF92}.Debug|Any CPU.ActiveCfg = Debug|Any CPU
		{CCA1D60C-9019-4A0D-A0E5-27A8FCCACF92}.Debug|Any CPU.Build.0 = Debug|Any CPU
		{CCA1D60C-9019-4A0D-A0E5-27A8FCCACF92}.Release|Any CPU.ActiveCfg = Release|Any CPU
		{CCA1D60C-9019-4A0D-A0E5-27A8FCCACF92}.Release|Any CPU.Build.0 = Release|Any CPU
	EndGlobalSection
	GlobalSection(SolutionProperties) = preSolution
		HideSolutionNode = FALSE
	EndGlobalSection
	GlobalSection(ExtensibilityGlobals) = postSolution
		SolutionGuid = {200407E4-736C-4679-8E3C-04D62EBDEF07}
	EndGlobalSection
EndGlobal
